
Microsoft Visual Studio Solution File, Format Version 12.00
# Visual Studio 15
VisualStudioVersion = 15.0.27703.2000
MinimumVisualStudioVersion = 10.0.40219.1
Project("{FAE04EC0-301F-11D3-BF4B-00C04F79EFBC}") = "WebServLib", "WebServLib\WebServLib.csproj", "{A51FD7AA-FBBC-43CB-B98E-3B4E90960EFB}"
EndProject
Project("{FAE04EC0-301F-11D3-BF4B-00C04F79EFBC}") = "WebServConsole", "WebServConsole\WebServConsole.csproj", "{63DEBE31-E26B-4790-AD54-9604DF4B9AE5}"
EndProject
Project("{FAE04EC0-301F-11D3-BF4B-00C04F79EFBC}") = "Extensions", "Extensions\Extensions.csproj", "{2EA8D28C-E232-4B16-A045-027BF2883D27}"
EndProject
Global
	GlobalSection(SolutionConfigurationPlatforms) = preSolution
		Debug|Any CPU = Debug|Any CPU
		Release|Any CPU = Release|Any CPU
	EndGlobalSection
	GlobalSection(ProjectConfigurationPlatforms) = postSolution
		{A51FD7AA-FBBC-43CB-B98E-3B4E90960EFB}.Debug|Any CPU.ActiveCfg = Debug|Any CPU
		{A51FD7AA-FBBC-43CB-B98E-3B4E90960EFB}.Debug|Any CPU.Build.0 = Debug|Any CPU
		{A51FD7AA-FBBC-43CB-B98E-3B4E90960EFB}.Release|Any CPU.ActiveCfg = Release|Any CPU
		{A51FD7AA-FBBC-43CB-B98E-3B4E90960EFB}.Release|Any CPU.Build.0 = Release|Any CPU
		{63DEBE31-E26B-4790-AD54-9604DF4B9AE5}.Debug|Any CPU.ActiveCfg = Debug|Any CPU
		{63DEBE31-E26B-4790-AD54-9604DF4B9AE5}.Debug|Any CPU.Build.0 = Debug|Any CPU
		{63DEBE31-E26B-4790-AD54-9604DF4B9AE5}.Release|Any CPU.ActiveCfg = Release|Any CPU
		{63DEBE31-E26B-4790-AD54-9604DF4B9AE5}.Release|Any CPU.Build.0 = Release|Any CPU
		{2EA8D28C-E232-4B16-A045-027BF2883D27}.Debug|Any CPU.ActiveCfg = Debug|Any CPU
		{2EA8D28C-E232-4B16-A045-027BF2883D27}.Debug|Any CPU.Build.0 = Debug|Any CPU
		{2EA8D28C-E232-4B16-A045-027BF2883D27}.Release|Any CPU.ActiveCfg = Release|Any CPU
		{2EA8D28C-E232-4B16-A045-027BF2883D27}.Release|Any CPU.Build.0 = Release|Any CPU
	EndGlobalSection
	GlobalSection(SolutionProperties) = preSolution
		HideSolutionNode = FALSE
	EndGlobalSection
	GlobalSection(ExtensibilityGlobals) = postSolution
		SolutionGuid = {A9D7CB30-E331-4FCE-AB29-31B950EEB6CF}
	EndGlobalSection
EndGlobal
